<?xml version="1.0" encoding="utf-8"?>
<Project ToolsVersion="4.0" xmlns="http://schemas.microsoft.com/developer/msbuild/2003">
  <ItemGroup>
    <Filter Include="Source Files">
      <UniqueIdentifier>{4FC737F1-C7A5-4376-A066-2A32D752A2FF}</UniqueIdentifier>
      <Extensions>cpp;c;cc;cxx;def;odl;idl;hpj;bat;asm;asmx</Extensions>
    </Filter>
    <Filter Include="Header Files">
      <UniqueIdentifier>{93995380-89BD-4b04-88EB-625FBE52EBFB}</UniqueIdentifier>
      <Extensions>h;hh;hpp;hxx;hm;inl;inc;xsd</Extensions>
    </Filter>
    <Filter Include="Resource Files">
      <UniqueIdentifier>{67DA6AB6-F800-4c08-8B7A-83BB121AAD01}</UniqueIdentifier>
      <Extensions>rc;ico;cur;bmp;dlg;rc2;rct;bin;rgs;gif;jpg;jpeg;jpe;resx;tiff;tif;png;wav;mfcribbon-ms</Extensions>
    </Filter>
    <Filter Include="Analysis">
      <UniqueIdentifier>{364a92f3-10f9-47f9-89b4-08a637582700}</UniqueIdentifier>
    </Filter>
    <Filter Include="Common">
      <UniqueIdentifier>{be188dea-64ae-4cbb-b3bf-3cfbf89e09d3}</UniqueIdentifier>
    </Filter>
    <Filter Include="Testing">
      <UniqueIdentifier>{16544053-8d1c-40f8-9acc-2dad0577b457}</UniqueIdentifier>
    </Filter>
  </ItemGroup>
  <ItemGroup>
    <ClCompile Include="..\..\src\driver.cpp">
      <Filter>Source Files</Filter>
    </ClCompile>
    <ClCompile Include="..\..\src\setup.cpp">
      <Filter>Source Files</Filter>
    </ClCompile>
    <ClCompile Include="..\..\src\testing\testing.cpp">
      <Filter>Testing</Filter>
    </ClCompile>
    <ClCompile Include="..\..\src\testing\Read_Number-test.cpp">
      <Filter>Testing</Filter>
    </ClCompile>
    <ClCompile Include="..\..\src\analysis\analysis_parameters.cpp">
      <Filter>Analysis</Filter>
    </ClCompile>
    <ClCompile Include="..\..\src\common\cams.cpp">
      <Filter>Common</Filter>
    </ClCompile>
    <ClCompile Include="..\..\src\common\Read_Number.cpp">
      <Filter>Common</Filter>
    </ClCompile>
    <ClCompile Include="..\..\src\Get_Next_Sequence.cpp">
      <Filter>Source Files</Filter>
    </ClCompile>
    <ClCompile Include="..\..\src\Get_Sequence_Value.cpp">
      <Filter>Source Files</Filter>
    </ClCompile>
    <ClCompile Include="..\..\src\Analyze Number.cpp">
      <Filter>Source Files</Filter>
    </ClCompile>
    <ClCompile Include="..\..\src\analysis\Analyze_List.cpp">
      <Filter>Analysis</Filter>
    </ClCompile>
  </ItemGroup>
  <ItemGroup>
    <ClInclude Include="..\..\src\setup.h">
      <Filter>Header Files</Filter>
    </ClInclude>
    <ClInclude Include="..\..\src\testing\testing.h">
      <Filter>Testing</Filter>
    </ClInclude>
    <ClInclude Include="..\..\src\testing\Read_Number-test.h">
      <Filter>Testing</Filter>
    </ClInclude>
    <ClInclude Include="..\..\src\analysis\analysis_parameters.h">
      <Filter>Analysis</Filter>
    </ClInclude>
    <ClInclude Include="..\..\src\common\cams.h">
      <Filter>Common</Filter>
    </ClInclude>
    <ClInclude Include="..\..\src\common\Read_Number.h">
      <Filter>Common</Filter>
    </ClInclude>
    <ClInclude Include="..\..\src\Get_Next_Sequence.h">
      <Filter>Header Files</Filter>
    </ClInclude>
    <ClInclude Include="..\..\src\Get_Sequence_Value.h">
      <Filter>Header Files</Filter>
    </ClInclude>
    <ClInclude Include="..\..\src\Sequence.h">
      <Filter>Header Files</Filter>
    </ClInclude>
    <ClInclude Include="..\..\src\Analyze Number.h">
      <Filter>Header Files</Filter>
    </ClInclude>
    <ClInclude Include="..\..\src\analysis\Analyze_List.h">
      <Filter>Analysis</Filter>
    </ClInclude>
    <ClInclude Include="..\..\src\analysis\Continuous_Analysis.h">
      <Filter>Analysis</Filter>
    </ClInclude>
    <ClInclude Include="..\..\src\analysis\Result Analysis.h">
      <Filter>Analysis</Filter>
    </ClInclude>
  </ItemGroup>
</Project>